<?xml version="1.0" encoding="utf-8"?>
<Project ToolsVersion="4.0" xmlns="http://schemas.microsoft.com/developer/msbuild/2003">
  <ItemGroup>
    <Filter Include="Source Files">
      <UniqueIdentifier>{10d2c4e2-475f-4c05-861a-75214bcf1446}</UniqueIdentifier>
      <Extensions>cpp;c;cxx;def;odl;idl;hpj;bat;asm</Extensions>
    </Filter>
    <Filter Include="Header Files">
      <UniqueIdentifier>{80f2c633-7f75-4628-adc9-389e1c411fa2}</UniqueIdentifier>
      <Extensions>h;hpp;hxx;hm;inl;inc</Extensions>
    </Filter>
    <Filter Include="Resource Files">
      <UniqueIdentifier>{772956fe-ca27-4d9b-8e0a-044a1889d916}</UniqueIdentifier>
      <Extensions>rc;ico;cur;bmp;dlg;rc2;rct;bin;rgs;gif;jpg;jpeg;jpe</Extensions>
    </Filter>
    <Filter Include="Crypto">
      <UniqueIdentifier>{4af44bf3-ba18-40be-bc05-c3562defe6ab}</UniqueIdentifier>
    </Filter>
  </ItemGroup>
  <ItemGroup>
    <ClCompile Include="P2Peer.cpp">
      <Filter>Source Files</Filter>
    </ClCompile>
    <ClCompile Include="P2PeerCon.cpp">
      <Filter>Source Files</Filter>
    </ClCompile>
    <ClCompile Include="P2PeerCon232.cpp">
      <Filter>Source Files</Filter>
    </ClCompile>
    <ClCompile Include="P2PeerConDmx.cpp">
      <Filter>Source Files</Filter>
    </ClCompile>
    <ClCompile Include="P2PeerConPipe.cpp">
      <Filter>Source Files</Filter>
    </ClCompile>
    <ClCompile Include="P2PeerConWsa.cpp">
      <Filter>Source Files</Filter>
    </ClCompile>
    <ClCompile Include="P2PeerEvents.cpp">
      <Filter>Source Files</Filter>
    </ClCompile>
    <ClCompile Include="P2PeerExplorer.cpp">
      <Filter>Source Files</Filter>
    </ClCompile>
    <ClCompile Include="P2PeerHub.cpp">
      <Filter>Source Files</Filter>
    </ClCompile>
    <ClCompile Include="P2Peerio.cpp">
      <Filter>Source Files</Filter>
    </ClCompile>
    <ClCompile Include="P2PeerioBSTR.cpp">
      <Filter>Source Files</Filter>
    </ClCompile>
    <ClCompile Include="P2PeerioGcm.cpp">
      <Filter>Source Files</Filter>
    </ClCompile>
    <ClCompile Include="P2PeerioDmx.cpp">
      <Filter>Source Files</Filter>
    </ClCompile>
    <ClCompile Include="P2PeerMsg.cpp">
      <Filter>Source Files</Filter>
    </ClCompile>
    <ClCompile Include="P2PeerMsgQue.cpp">
      <Filter>Source Files</Filter>
    </ClCompile>
    <ClCompile Include="P2PeerService.cpp">
      <Filter>Source Files</Filter>
    </ClCompile>
    <ClCompile Include="P2PeerTarget.cpp">
      <Filter>Source Files</Filter>
    </ClCompile>
    <ClCompile Include="Targetcore_c.cpp">
      <Filter>Source Files</Filter>
    </ClCompile>
    <ClCompile Include="Targetcore_c_u8.cpp">
      <Filter>Source Files</Filter>
    </ClCompile>
    <ClCompile Include="P2Pwin32.cpp">
      <Filter>Source Files</Filter>
    </ClCompile>
    <ClCompile Include="stdafx.cpp">
      <Filter>Source Files</Filter>
    </ClCompile>
    <ClCompile Include="WSA_Ext.cpp">
      <Filter>Source Files</Filter>
    </ClCompile>
    <ClCompile Include="P2PCngCrypto.cpp">
      <Filter>Crypto</Filter>
    </ClCompile>
    <ClCompile Include="P2PIdentityStore.cpp">
      <Filter>Crypto</Filter>
    </ClCompile>
    <ClCompile Include="P2PAuthLogin.cpp">
      <Filter>Crypto</Filter>
    </ClCompile>
    <ClCompile Include="dllmain.cpp">
      <Filter>Source Files</Filter>
    </ClCompile>
    <ClCompile Include="TargetcoreLog.cpp">
      <Filter>Source Files</Filter>
    </ClCompile>
  </ItemGroup>
  <ItemGroup>
    <ClInclude Include="P2Peer.h">
      <Filter>Header Files</Filter>
    </ClInclude>
    <ClInclude Include="P2PeerCon.h">
      <Filter>Header Files</Filter>
    </ClInclude>
    <ClInclude Include="P2PeerCon232.h">
      <Filter>Header Files</Filter>
    </ClInclude>
    <ClInclude Include="P2PeerConDmx.h">
      <Filter>Header Files</Filter>
    </ClInclude>
    <ClInclude Include="P2PeerConPipe.h">
      <Filter>Header Files</Filter>
    </ClInclude>
    <ClInclude Include="P2PeerConWsa.h">
      <Filter>Header Files</Filter>
    </ClInclude>
    <ClInclude Include="P2PeerEvents.h">
      <Filter>Header Files</Filter>
    </ClInclude>
    <ClInclude Include="P2PeerExplorer.h">
      <Filter>Header Files</Filter>
    </ClInclude>
    <ClInclude Include="P2PeerHub.h">
      <Filter>Header Files</Filter>
    </ClInclude>
    <ClInclude Include="P2Peerio.h">
      <Filter>Header Files</Filter>
    </ClInclude>
    <ClInclude Include="P2PeerioBSTR.h">
      <Filter>Header Files</Filter>
    </ClInclude>
    <ClInclude Include="P2PeerioGcm.h">
      <Filter>Header Files</Filter>
    </ClInclude>
    <ClInclude Include="P2PeerioDmx.h">
      <Filter>Header Files</Filter>
    </ClInclude>
    <ClInclude Include="P2PeerMsg.h">
      <Filter>Header Files</Filter>
    </ClInclude>
    <ClInclude Include="P2PeerMsgQue.h">
      <Filter>Header Files</Filter>
    </ClInclude>
    <ClInclude Include="P2PeerService.h">
      <Filter>Header Files</Filter>
    </ClInclude>
    <ClInclude Include="P2PeerTarget.h">
      <Filter>Header Files</Filter>
    </ClInclude>
    <ClInclude Include="Targetcore.h">
      <Filter>Header Files</Filter>
    </ClInclude>
    <ClInclude Include="P2PmsgMaps.h">
      <Filter>Header Files</Filter>
    </ClInclude>
    <ClInclude Include="P2Pwin32.h">
      <Filter>Header Files</Filter>
    </ClInclude>
    <ClInclude Include="Resource.h">
      <Filter>Header Files</Filter>
    </ClInclude>
    <ClInclude Include="stdafx.h">
      <Filter>Header Files</Filter>
    </ClInclude>
    <ClInclude Include="WSA_Ext.h">
      <Filter>Header Files</Filter>
    </ClInclude>
    <ClInclude Include="P2PCngCrypto.h">
      <Filter>Crypto</Filter>
    </ClInclude>
    <ClInclude Include="P2PIdentityStore.h">
      <Filter>Crypto</Filter>
    </ClInclude>
    <ClInclude Include="P2PAuthLogin.h">
      <Filter>Crypto</Filter>
    </ClInclude>
    <ClInclude Include="targetver.h">
      <Filter>Header Files</Filter>
    </ClInclude>
    <ClInclude Include="TargetcoreLog.h">
      <Filter>Header Files</Filter>
    </ClInclude>
  </ItemGroup>
  <ItemGroup>
    <ResourceCompile Include="Targetcore.rc">
      <Filter>Resource Files</Filter>
    </ResourceCompile>
  </ItemGroup>
</Project>